
Microsoft Visual Studio Solution File, Format Version 12.00
# Visual Studio 2012
Project("{FAE04EC0-301F-11D3-BF4B-00C04F79EFBC}") = "QueueSimulator", "QueueSimulator.csproj", "{50EACA1C-E1E8-4F6C-A6B1-CA7DA88C74E4}"
EndProject
Project("{FAE04EC0-301F-11D3-BF4B-00C04F79EFBC}") = "QueueSimulator.Tests", "..\QueueSimulator.Tests\QueueSimulator.Tests.csproj", "{582CD1FD-3DB0-4418-8FC7-E464EBBFC5A3}"
EndProject
Global
	GlobalSection(SolutionConfigurationPlatforms) = preSolution
		Debug|Any CPU = Debug|Any CPU
		Release|Any CPU = Release|Any CPU
	EndGlobalSection
	GlobalSection(ProjectConfigurationPlatforms) = postSolution
		{50EACA1C-E1E8-4F6C-A6B1-CA7DA88C74E4}.Debug|Any CPU.ActiveCfg = Debug|Any CPU
		{50EACA1C-E1E8-4F6C-A6B1-CA7DA88C74E4}.Debug|Any CPU.Build.0 = Debug|Any CPU
		{50EACA1C-E1E8-4F6C-A6B1-CA7DA88C74E4}.Release|Any CPU.ActiveCfg = Release|Any CPU
		{50EACA1C-E1E8-4F6C-A6B1-CA7DA88C74E4}.Release|Any CPU.Build.0 = Release|Any CPU
		{582CD1FD-3DB0-4418-8FC7-E464EBBFC5A3}.Debug|Any CPU.ActiveCfg = Debug|Any CPU
		{582CD1FD-3DB0-4418-8FC7-E464EBBFC5A3}.Debug|Any CPU.Build.0 = Debug|Any CPU
		{582CD1FD-3DB0-4418-8FC7-E464EBBFC5A3}.Release|Any CPU.ActiveCfg = Release|Any CPU
		{582CD1FD-3DB0-4418-8FC7-E464EBBFC5A3}.Release|Any CPU.Build.0 = Release|Any CPU
	EndGlobalSection
	GlobalSection(SolutionProperties) = preSolution
		HideSolutionNode = FALSE
	EndGlobalSection
EndGlobal
